
Microsoft Visual Studio Solution File, Format Version 12.00
# Visual Studio Version 16
VisualStudioVersion = 16.0.31410.357
MinimumVisualStudioVersion = 10.0.40219.1
Project("{FAE04EC0-301F-11D3-BF4B-00C04F79EFBC}") = "RFC UM Demo", "RFC UM Demo\RFC UM Demo.csproj", "{BEB7745A-DDEE-4436-B319-C3DB98910467}"
EndProject
Global
	GlobalSection(SolutionConfigurationPlatforms) = preSolution
		Debug|Any CPU = Debug|Any CPU
		Release|Any CPU = Release|Any CPU
	EndGlobalSection
	GlobalSection(ProjectConfigurationPlatforms) = postSolution
		{BEB7745A-DDEE-4436-B319-C3DB98910467}.Debug|Any CPU.ActiveCfg = Debug|Any CPU
		{BEB7745A-DDEE-4436-B319-C3DB98910467}.Debug|Any CPU.Build.0 = Debug|Any CPU
		{BEB7745A-DDEE-4436-B319-C3DB98910467}.Release|Any CPU.ActiveCfg = Release|Any CPU
		{BEB7745A-DDEE-4436-B319-C3DB98910467}.Release|Any CPU.Build.0 = Release|Any CPU
	EndGlobalSection
	GlobalSection(SolutionProperties) = preSolution
		HideSolutionNode = FALSE
	EndGlobalSection
	GlobalSection(ExtensibilityGlobals) = postSolution
		SolutionGuid = {DF04D20E-38B0-400C-A983-F5D81D5C55FE}
	EndGlobalSection
EndGlobal
